
Microsoft Visual Studio Solution File, Format Version 12.00
# Visual Studio Version 17
VisualStudioVersion = 17.5.33516.290
MinimumVisualStudioVersion = 10.0.40219.1
Project("{FAE04EC0-301F-11D3-BF4B-00C04F79EFBC}") = "VectorGraphics", "VectorGraphics.csproj", "{B92E42F9-C334-4F84-AE8F-4BC0B1396C59}"
EndProject
Global
	GlobalSection(SolutionConfigurationPlatforms) = preSolution
		Debug|Any CPU = Debug|Any CPU
		Release|Any CPU = Release|Any CPU
	EndGlobalSection
	GlobalSection(ProjectConfigurationPlatforms) = postSolution
		{B92E42F9-C334-4F84-AE8F-4BC0B1396C59}.Debug|Any CPU.ActiveCfg = Debug|Any CPU
		{B92E42F9-C334-4F84-AE8F-4BC0B1396C59}.Debug|Any CPU.Build.0 = Debug|Any CPU
		{B92E42F9-C334-4F84-AE8F-4BC0B1396C59}.Release|Any CPU.ActiveCfg = Release|Any CPU
		{B92E42F9-C334-4F84-AE8F-4BC0B1396C59}.Release|Any CPU.Build.0 = Release|Any CPU
	EndGlobalSection
	GlobalSection(SolutionProperties) = preSolution
		HideSolutionNode = FALSE
	EndGlobalSection
	GlobalSection(ExtensibilityGlobals) = postSolution
		SolutionGuid = {03B40FB3-7CC1-49CA-BCF8-867455075FD5}
	EndGlobalSection
EndGlobal
